{
  "originHash" : "f4e4ac00767f8ed28487bb61d308dbb412305c2daebd9f0317f96ce5387cd780",
  "pins" : [
    {
      "identity" : "darkmodetoggle",
      "kind" : "remoteSourceControl",
      "location" : "https://github.com/HideOnBushTuT/DarkModeToggle.git",
      "state" : {
        "revision" : "6709fed52e17bd02ff0d3540e4c3b1bad8c2dffb",
        "version" : "2.0.0"
      }
    }
  ],
  "version" : 3
}
