{
  "originHash" : "f4e4ac00767f8ed28487bb61d308dbb412305c2daebd9f0317f96ce5387cd780",
  "pins" : [
    {
      "identity" : "darkmodetoggle",
      "kind" : "remoteSourceControl",
      "location" : "https://github.com/HideOnBushTuT/DarkModeToggle.git",
      "state" : {
        "branch" : "codex/vivid-toggle-style",
        "revision" : "d3f7819c1a3058911bf120f8c4cf106b6cfb6529"
      }
    }
  ],
  "version" : 3
}
