{
  "originHash" : "f4e4ac00767f8ed28487bb61d308dbb412305c2daebd9f0317f96ce5387cd780",
  "pins" : [
    {
      "identity" : "darkmodetoggle",
      "kind" : "remoteSourceControl",
      "location" : "https://github.com/HideOnBushTuT/DarkModeToggle.git",
      "state" : {
        "revision" : "d3838e2b164ee318864354785b50eb64bbaed24b",
        "version" : "1.0.0"
      }
    }
  ],
  "version" : 3
}
